
Microsoft Visual Studio Solution File, Format Version 12.00
# Visual Studio Version 16
VisualStudioVersion = 16.0.30907.101
MinimumVisualStudioVersion = 10.0.40219.1
Project("{FAE04EC0-301F-11D3-BF4B-00C04F79EFBC}") = "TestProjCrossInform", "TestProjCrossInform\TestProjCrossInform.csproj", "{128EA06E-D22E-4803-A7EC-5CE05B55F47A}"
EndProject
Global
	GlobalSection(SolutionConfigurationPlatforms) = preSolution
		Debug|Any CPU = Debug|Any CPU
		Release|Any CPU = Release|Any CPU
	EndGlobalSection
	GlobalSection(ProjectConfigurationPlatforms) = postSolution
		{128EA06E-D22E-4803-A7EC-5CE05B55F47A}.Debug|Any CPU.ActiveCfg = Debug|Any CPU
		{128EA06E-D22E-4803-A7EC-5CE05B55F47A}.Debug|Any CPU.Build.0 = Debug|Any CPU
		{128EA06E-D22E-4803-A7EC-5CE05B55F47A}.Release|Any CPU.ActiveCfg = Release|Any CPU
		{128EA06E-D22E-4803-A7EC-5CE05B55F47A}.Release|Any CPU.Build.0 = Release|Any CPU
	EndGlobalSection
	GlobalSection(SolutionProperties) = preSolution
		HideSolutionNode = FALSE
	EndGlobalSection
	GlobalSection(ExtensibilityGlobals) = postSolution
		SolutionGuid = {412A008A-8320-4177-9D27-D32B77BF99FD}
	EndGlobalSection
EndGlobal
